
Microsoft Visual Studio Solution File, Format Version 12.00
# Visual Studio Version 17
VisualStudioVersion = 17.11.35327.3
MinimumVisualStudioVersion = 10.0.40219.1
Project("{8BC9CEB8-8B4A-11D0-8D11-00A0C91BC942}") = "Dynamic Link Library", "Dynamic Link Library.vcxproj", "{95C7065D-3CD1-4A7A-949B-6CBC4BB6FA60}"
EndProject
Global
	GlobalSection(SolutionConfigurationPlatforms) = preSolution
		Debug|x64 = Debug|x64
		Debug|x86 = Debug|x86
		Release|x64 = Release|x64
		Release|x86 = Release|x86
	EndGlobalSection
	GlobalSection(ProjectConfigurationPlatforms) = postSolution
		{95C7065D-3CD1-4A7A-949B-6CBC4BB6FA60}.Debug|x64.ActiveCfg = Debug|x64
		{95C7065D-3CD1-4A7A-949B-6CBC4BB6FA60}.Debug|x64.Build.0 = Debug|x64
		{95C7065D-3CD1-4A7A-949B-6CBC4BB6FA60}.Debug|x86.ActiveCfg = Debug|Win32
		{95C7065D-3CD1-4A7A-949B-6CBC4BB6FA60}.Debug|x86.Build.0 = Debug|Win32
		{95C7065D-3CD1-4A7A-949B-6CBC4BB6FA60}.Release|x64.ActiveCfg = Release|x64
		{95C7065D-3CD1-4A7A-949B-6CBC4BB6FA60}.Release|x64.Build.0 = Release|x64
		{95C7065D-3CD1-4A7A-949B-6CBC4BB6FA60}.Release|x86.ActiveCfg = Release|Win32
		{95C7065D-3CD1-4A7A-949B-6CBC4BB6FA60}.Release|x86.Build.0 = Release|Win32
	EndGlobalSection
	GlobalSection(SolutionProperties) = preSolution
		HideSolutionNode = FALSE
	EndGlobalSection
	GlobalSection(ExtensibilityGlobals) = postSolution
		SolutionGuid = {A6B86F40-8083-43B7-BBD5-63777B52F0F0}
	EndGlobalSection
EndGlobal
